// !$*UTF8*$!
{
	archiveVersion = 1;
	classes = {
	};
	objectVersion = 46;
	objects = {

/* Begin PBXBuildFile section */
		D1D4ADC91B0B8E9C00CF2D46 /* AppDelegate.swift in Sources */ = {isa = PBXBuildFile; fileRef = D1D4ADC81B0B8E9C00CF2D46 /* AppDelegate.swift */; };
		D1D4ADCB1B0B8E9C00CF2D46 /* GameScene.sks in Resources */ = {isa = PBXBuildFile; fileRef = D1D4ADCA1B0B8E9C00CF2D46 /* GameScene.sks */; };
		D1D4ADCD1B0B8E9C00CF2D46 /* GameScene.swift in Sources */ = {isa = PBXBuildFile; fileRef = D1D4ADCC1B0B8E9C00CF2D46 /* GameScene.swift */; };
		D1D4ADCF1B0B8E9C00CF2D46 /* GameViewController.swift in Sources */ = {isa = PBXBuildFile; fileRef = D1D4ADCE1B0B8E9C00CF2D46 /* GameViewController.swift */; };
		D1D4ADD21B0B8E9C00CF2D46 /* Main.storyboard in Resources */ = {isa = PBXBuildFile; fileRef = D1D4ADD01B0B8E9C00CF2D46 /* Main.storyboard */; };
		D1D4ADD41B0B8E9C00CF2D46 /* Images.xcassets in Resources */ = {isa = PBXBuildFile; fileRef = D1D4ADD31B0B8E9C00CF2D46 /* Images.xcassets */; };
		D1D4ADD71B0B8E9C00CF2D46 /* LaunchScreen.xib in Resources */ = {isa = PBXBuildFile; fileRef = D1D4ADD51B0B8E9C00CF2D46 /* LaunchScreen.xib */; };
		D1D4ADE31B0B8E9C00CF2D46 /* FirstGameTests.swift in Sources */ = {isa = PBXBuildFile; fileRef = D1D4ADE21B0B8E9C00CF2D46 /* FirstGameTests.swift */; };
/* End PBXBuildFile section */

/* Begin PBXContainerItemProxy section */
		D1D4ADDD1B0B8E9C00CF2D46 /* PBXContainerItemProxy */ = {
			isa = PBXContainerItemProxy;
			containerPortal = D1D4ADBB1B0B8E9C00CF2D46 /* Project object */;
			proxyType = 1;
			remoteGlobalIDString = D1D4ADC21B0B8E9C00CF2D46;
			remoteInfo = FirstGame;
		};
/* End PBXContainerItemProxy section */

/* Begin PBXFileReference section */
		D1D4ADC31B0B8E9C00CF2D46 /* FirstGame.app */ = {isa = PBXFileReference; explicitFileType = wrapper.application; includeInIndex = 0; path = FirstGame.app; sourceTree = BUILT_PRODUCTS_DIR; };
		D1D4ADC71B0B8E9C00CF2D46 /* Info.plist */ = {isa = PBXFileReference; lastKnownFileType = text.plist.xml; path = Info.plist; sourceTree = "<group>"; };
		D1D4ADC81B0B8E9C00CF2D46 /* AppDelegate.swift */ = {isa = PBXFileReference; lastKnownFileType = sourcecode.swift; path = AppDelegate.swift; sourceTree = "<group>"; };
		D1D4ADCA1B0B8E9C00CF2D46 /* GameScene.sks */ = {isa = PBXFileReference; lastKnownFileType = file.sks; path = GameScene.sks; sourceTree = "<group>"; };
		D1D4ADCC1B0B8E9C00CF2D46 /* GameScene.swift */ = {isa = PBXFileReference; lastKnownFileType = sourcecode.swift; path = GameScene.swift; sourceTree = "<group>"; };
		D1D4ADCE1B0B8E9C00CF2D46 /* GameViewController.swift */ = {isa = PBXFileReference; lastKnownFileType = sourcecode.swift; path = GameViewController.swift; sourceTree = "<group>"; };
		D1D4ADD11B0B8E9C00CF2D46 /* Base */ = {isa = PBXFileReference; lastKnownFileType = file.storyboard; name = Base; path = Base.lproj/Main.storyboard; sourceTree = "<group>"; };
		D1D4ADD31B0B8E9C00CF2D46 /* Images.xcassets */ = {isa = PBXFileReference; lastKnownFileType = folder.assetcatalog; path = Images.xcassets; sourceTree = "<group>"; };
		D1D4ADD61B0B8E9C00CF2D46 /* Base */ = {isa = PBXFileReference; lastKnownFileType = file.xib; name = Base; path = Base.lproj/LaunchScreen.xib; sourceTree = "<group>"; };
		D1D4ADDC1B0B8E9C00CF2D46 /* FirstGameTests.xctest */ = {isa = PBXFileReference; explicitFileType = wrapper.cfbundle; includeInIndex = 0; path = FirstGameTests.xctest; sourceTree = BUILT_PRODUCTS_DIR; };
		D1D4ADE11B0B8E9C00CF2D46 /* Info.plist */ = {isa = PBXFileReference; lastKnownFileType = text.plist.xml; path = Info.plist; sourceTree = "<group>"; };
		D1D4ADE21B0B8E9C00CF2D46 /* FirstGameTests.swift */ = {isa = PBXFileReference; lastKnownFileType = sourcecode.swift; path = FirstGameTests.swift; sourceTree = "<group>"; };
/* End PBXFileReference section */

/* Begin PBXFrameworksBuildPhase section */
		D1D4ADC01B0B8E9C00CF2D46 /* Frameworks */ = {
			isa = PBXFrameworksBuildPhase;
			buildActionMask = 2147483647;
			files = (
			);
			runOnlyForDeploymentPostprocessing = 0;
		};
		D1D4ADD91B0B8E9C00CF2D46 /* Frameworks */ = {
			isa = PBXFrameworksBuildPhase;
			buildActionMask = 2147483647;
			files = (
			);
			runOnlyForDeploymentPostprocessing = 0;
		};
/* End PBXFrameworksBuildPhase section */

/* Begin PBXGroup section */
		D1D4ADBA1B0B8E9C00CF2D46 = {
			isa = PBXGroup;
			children = (
				D1D4ADC51B0B8E9C00CF2D46 /* FirstGame */,
				D1D4ADDF1B0B8E9C00CF2D46 /* FirstGameTests */,
				D1D4ADC41B0B8E9C00CF2D46 /* Products */,
			);
			sourceTree = "<group>";
		};
		D1D4ADC41B0B8E9C00CF2D46 /* Products */ = {
			isa = PBXGroup;
			children = (
				D1D4ADC31B0B8E9C00CF2D46 /* FirstGame.app */,
				D1D4ADDC1B0B8E9C00CF2D46 /* FirstGameTests.xctest */,
			);
			name = Products;
			sourceTree = "<group>";
		};
		D1D4ADC51B0B8E9C00CF2D46 /* FirstGame */ = {
			isa = PBXGroup;
			children = (
				D1D4ADC81B0B8E9C00CF2D46 /* AppDelegate.swift */,
				D1D4ADCA1B0B8E9C00CF2D46 /* GameScene.sks */,
				D1D4ADCC1B0B8E9C00CF2D46 /* GameScene.swift */,
				D1D4ADCE1B0B8E9C00CF2D46 /* GameViewController.swift */,
				D1D4ADD01B0B8E9C00CF2D46 /* Main.storyboard */,
				D1D4ADD31B0B8E9C00CF2D46 /* Images.xcassets */,
				D1D4ADD51B0B8E9C00CF2D46 /* LaunchScreen.xib */,
				D1D4ADC61B0B8E9C00CF2D46 /* Supporting Files */,
			);
			path = FirstGame;
			sourceTree = "<group>";
		};
		D1D4ADC61B0B8E9C00CF2D46 /* Supporting Files */ = {
			isa = PBXGroup;
			children = (
				D1D4ADC71B0B8E9C00CF2D46 /* Info.plist */,
			);
			name = "Supporting Files";
			sourceTree = "<group>";
		};
		D1D4ADDF1B0B8E9C00CF2D46 /* FirstGameTests */ = {
			isa = PBXGroup;
			children = (
				D1D4ADE21B0B8E9C00CF2D46 /* FirstGameTests.swift */,
				D1D4ADE01B0B8E9C00CF2D46 /* Supporting Files */,
			);
			path = FirstGameTests;
			sourceTree = "<group>";
		};
		D1D4ADE01B0B8E9C00CF2D46 /* Supporting Files */ = {
			isa = PBXGroup;
			children = (
				D1D4ADE11B0B8E9C00CF2D46 /* Info.plist */,
			);
			name = "Supporting Files";
			sourceTree = "<group>";
		};
/* End PBXGroup section */

/* Begin PBXNativeTarget section */
		D1D4ADC21B0B8E9C00CF2D46 /* FirstGame */ = {
			isa = PBXNativeTarget;
			buildConfigurationList = D1D4ADE61B0B8E9C00CF2D46 /* Build configuration list for PBXNativeTarget "FirstGame" */;
			buildPhases = (
				D1D4ADBF1B0B8E9C00CF2D46 /* Sources */,
				D1D4ADC01B0B8E9C00CF2D46 /* Frameworks */,
				D1D4ADC11B0B8E9C00CF2D46 /* Resources */,
			);
			buildRules = (
			);
			dependencies = (
			);
			name = FirstGame;
			productName = FirstGame;
			productReference = D1D4ADC31B0B8E9C00CF2D46 /* FirstGame.app */;
			productType = "com.apple.product-type.application";
		};
		D1D4ADDB1B0B8E9C00CF2D46 /* FirstGameTests */ = {
			isa = PBXNativeTarget;
			buildConfigurationList = D1D4ADE91B0B8E9C00CF2D46 /* Build configuration list for PBXNativeTarget "FirstGameTests" */;
			buildPhases = (
				D1D4ADD81B0B8E9C00CF2D46 /* Sources */,
				D1D4ADD91B0B8E9C00CF2D46 /* Frameworks */,
				D1D4ADDA1B0B8E9C00CF2D46 /* Resources */,
			);
			buildRules = (
			);
			dependencies = (
				D1D4ADDE1B0B8E9C00CF2D46 /* PBXTargetDependency */,
			);
			name = FirstGameTests;
			productName = FirstGameTests;
			productReference = D1D4ADDC1B0B8E9C00CF2D46 /* FirstGameTests.xctest */;
			productType = "com.apple.product-type.bundle.unit-test";
		};
/* End PBXNativeTarget section */

/* Begin PBXProject section */
		D1D4ADBB1B0B8E9C00CF2D46 /* Project object */ = {
			isa = PBXProject;
			attributes = {
				LastUpgradeCheck = 0630;
				ORGANIZATIONNAME = ThoDang;
				TargetAttributes = {
					D1D4ADC21B0B8E9C00CF2D46 = {
						CreatedOnToolsVersion = 6.3;
					};
					D1D4ADDB1B0B8E9C00CF2D46 = {
						CreatedOnToolsVersion = 6.3;
						TestTargetID = D1D4ADC21B0B8E9C00CF2D46;
					};
				};
			};
			buildConfigurationList = D1D4ADBE1B0B8E9C00CF2D46 /* Build configuration list for PBXProject "FirstGame" */;
			compatibilityVersion = "Xcode 3.2";
			developmentRegion = English;
			hasScannedForEncodings = 0;
			knownRegions = (
				en,
				Base,
			);
			mainGroup = D1D4ADBA1B0B8E9C00CF2D46;
			productRefGroup = D1D4ADC41B0B8E9C00CF2D46 /* Products */;
			projectDirPath = "";
			projectRoot = "";
			targets = (
				D1D4ADC21B0B8E9C00CF2D46 /* FirstGame */,
				D1D4ADDB1B0B8E9C00CF2D46 /* FirstGameTests */,
			);
		};
/* End PBXProject section */

/* Begin PBXResourcesBuildPhase section */
		D1D4ADC11B0B8E9C00CF2D46 /* Resources */ = {
			isa = PBXResourcesBuildPhase;
			buildActionMask = 2147483647;
			files = (
				D1D4ADD71B0B8E9C00CF2D46 /* LaunchScreen.xib in Resources */,
				D1D4ADD41B0B8E9C00CF2D46 /* Images.xcassets in Resources */,
				D1D4ADCB1B0B8E9C00CF2D46 /* GameScene.sks in Resources */,
				D1D4ADD21B0B8E9C00CF2D46 /* Main.storyboard in Resources */,
			);
			runOnlyForDeploymentPostprocessing = 0;
		};
		D1D4ADDA1B0B8E9C00CF2D46 /* Resources */ = {
			isa = PBXResourcesBuildPhase;
			buildActionMask = 2147483647;
			files = (
			);
			runOnlyForDeploymentPostprocessing = 0;
		};
/* End PBXResourcesBuildPhase section */

/* Begin PBXSourcesBuildPhase section */
		D1D4ADBF1B0B8E9C00CF2D46 /* Sources */ = {
			isa = PBXSourcesBuildPhase;
			buildActionMask = 2147483647;
			files = (
				D1D4ADCD1B0B8E9C00CF2D46 /* GameScene.swift in Sources */,
				D1D4ADCF1B0B8E9C00CF2D46 /* GameViewController.swift in Sources */,
				D1D4ADC91B0B8E9C00CF2D46 /* AppDelegate.swift in Sources */,
			);
			runOnlyForDeploymentPostprocessing = 0;
		};
		D1D4ADD81B0B8E9C00CF2D46 /* Sources */ = {
			isa = PBXSourcesBuildPhase;
			buildActionMask = 2147483647;
			files = (
				D1D4ADE31B0B8E9C00CF2D46 /* FirstGameTests.swift in Sources */,
			);
			runOnlyForDeploymentPostprocessing = 0;
		};
/* End PBXSourcesBuildPhase section */

/* Begin PBXTargetDependency section */
		D1D4ADDE1B0B8E9C00CF2D46 /* PBXTargetDependency */ = {
			isa = PBXTargetDependency;
			target = D1D4ADC21B0B8E9C00CF2D46 /* FirstGame */;
			targetProxy = D1D4ADDD1B0B8E9C00CF2D46 /* PBXContainerItemProxy */;
		};
/* End PBXTargetDependency section */

/* Begin PBXVariantGroup section */
		D1D4ADD01B0B8E9C00CF2D46 /* Main.storyboard */ = {
			isa = PBXVariantGroup;
			children = (
				D1D4ADD11B0B8E9C00CF2D46 /* Base */,
			);
			name = Main.storyboard;
			sourceTree = "<group>";
		};
		D1D4ADD51B0B8E9C00CF2D46 /* LaunchScreen.xib */ = {
			isa = PBXVariantGroup;
			children = (
				D1D4ADD61B0B8E9C00CF2D46 /* Base */,
			);
			name = LaunchScreen.xib;
			sourceTree = "<group>";
		};
/* End PBXVariantGroup section */

/* Begin XCBuildConfiguration section */
		D1D4ADE41B0B8E9C00CF2D46 /* Debug */ = {
			isa = XCBuildConfiguration;
			buildSettings = {
				ALWAYS_SEARCH_USER_PATHS = NO;
				CLANG_CXX_LANGUAGE_STANDARD = "gnu++0x";
				CLANG_CXX_LIBRARY = "libc++";
				CLANG_ENABLE_MODULES = YES;
				CLANG_ENABLE_OBJC_ARC = YES;
				CLANG_WARN_BOOL_CONVERSION = YES;
				CLANG_WARN_CONSTANT_CONVERSION = YES;
				CLANG_WARN_DIRECT_OBJC_ISA_USAGE = YES_ERROR;
				CLANG_WARN_EMPTY_BODY = YES;
				CLANG_WARN_ENUM_CONVERSION = YES;
				CLANG_WARN_INT_CONVERSION = YES;
				CLANG_WARN_OBJC_ROOT_CLASS = YES_ERROR;
				CLANG_WARN_UNREACHABLE_CODE = YES;
				CLANG_WARN__DUPLICATE_METHOD_MATCH = YES;
				"CODE_SIGN_IDENTITY[sdk=iphoneos*]" = "iPhone Developer";
				COPY_PHASE_STRIP = NO;
				DEBUG_INFORMATION_FORMAT = "dwarf-with-dsym";
				ENABLE_STRICT_OBJC_MSGSEND = YES;
				GCC_C_LANGUAGE_STANDARD = gnu99;
				GCC_DYNAMIC_NO_PIC = NO;
				GCC_NO_COMMON_BLOCKS = YES;
				GCC_OPTIMIZATION_LEVEL = 0;
				GCC_PREPROCESSOR_DEFINITIONS = (
					"DEBUG=1",
					"$(inherited)",
				);
				GCC_SYMBOLS_PRIVATE_EXTERN = NO;
				GCC_WARN_64_TO_32_BIT_CONVERSION = YES;
				GCC_WARN_ABOUT_RETURN_TYPE = YES_ERROR;
				GCC_WARN_UNDECLARED_SELECTOR = YES;
				GCC_WARN_UNINITIALIZED_AUTOS = YES_AGGRESSIVE;
				GCC_WARN_UNUSED_FUNCTION = YES;
				GCC_WARN_UNUSED_VARIABLE = YES;
				IPHONEOS_DEPLOYMENT_TARGET = 8.3;
				MTL_ENABLE_DEBUG_INFO = YES;
				ONLY_ACTIVE_ARCH = YES;
				SDKROOT = iphoneos;
				SWIFT_OPTIMIZATION_LEVEL = "-Onone";
			};
			name = Debug;
		};
		D1D4ADE51B0B8E9C00CF2D46 /* Release */ = {
			isa = XCBuildConfiguration;
			buildSettings = {
				ALWAYS_SEARCH_USER_PATHS = NO;
				CLANG_CXX_LANGUAGE_STANDARD = "gnu++0x";
				CLANG_CXX_LIBRARY = "libc++";
				CLANG_ENABLE_MODULES = YES;
				CLANG_ENABLE_OBJC_ARC = YES;
				CLANG_WARN_BOOL_CONVERSION = YES;
				CLANG_WARN_CONSTANT_CONVERSION = YES;
				CLANG_WARN_DIRECT_OBJC_ISA_USAGE = YES_ERROR;
				CLANG_WARN_EMPTY_BODY = YES;
				CLANG_WARN_ENUM_CONVERSION = YES;
				CLANG_WARN_INT_CONVERSION = YES;
				CLANG_WARN_OBJC_ROOT_CLASS = YES_ERROR;
				CLANG_WARN_UNREACHABLE_CODE = YES;
				CLANG_WARN__DUPLICATE_METHOD_MATCH = YES;
				"CODE_SIGN_IDENTITY[sdk=iphoneos*]" = "iPhone Developer";
				COPY_PHASE_STRIP = NO;
				DEBUG_INFORMATION_FORMAT = "dwarf-with-dsym";
				ENABLE_NS_ASSERTIONS = NO;
				ENABLE_STRICT_OBJC_MSGSEND = YES;
				GCC_C_LANGUAGE_STANDARD = gnu99;
				GCC_NO_COMMON_BLOCKS = YES;
				GCC_WARN_64_TO_32_BIT_CONVERSION = YES;
				GCC_WARN_ABOUT_RETURN_TYPE = YES_ERROR;
				GCC_WARN_UNDECLARED_SELECTOR = YES;
				GCC_WARN_UNINITIALIZED_AUTOS = YES_AGGRESSIVE;
				GCC_WARN_UNUSED_FUNCTION = YES;
				GCC_WARN_UNUSED_VARIABLE = YES;
				IPHONEOS_DEPLOYMENT_TARGET = 8.3;
				MTL_ENABLE_DEBUG_INFO = NO;
				SDKROOT = iphoneos;
				VALIDATE_PRODUCT = YES;
			};
			name = Release;
		};
		D1D4ADE71B0B8E9C00CF2D46 /* Debug */ = {
			isa = XCBuildConfiguration;
			buildSettings = {
				ASSETCATALOG_COMPILER_APPICON_NAME = AppIcon;
				INFOPLIST_FILE = FirstGame/Info.plist;
				LD_RUNPATH_SEARCH_PATHS = "$(inherited) @executable_path/Frameworks";
				PRODUCT_NAME = "$(TARGET_NAME)";
			};
			name = Debug;
		};
		D1D4ADE81B0B8E9C00CF2D46 /* Release */ = {
			isa = XCBuildConfiguration;
			buildSettings = {
				ASSETCATALOG_COMPILER_APPICON_NAME = AppIcon;
				INFOPLIST_FILE = FirstGame/Info.plist;
				LD_RUNPATH_SEARCH_PATHS = "$(inherited) @executable_path/Frameworks";
				PRODUCT_NAME = "$(TARGET_NAME)";
			};
			name = Release;
		};
		D1D4ADEA1B0B8E9C00CF2D46 /* Debug */ = {
			isa = XCBuildConfiguration;
			buildSettings = {
				BUNDLE_LOADER = "$(TEST_HOST)";
				FRAMEWORK_SEARCH_PATHS = (
					"$(SDKROOT)/Developer/Library/Frameworks",
					"$(inherited)",
				);
				GCC_PREPROCESSOR_DEFINITIONS = (
					"DEBUG=1",
					"$(inherited)",
				);
				INFOPLIST_FILE = FirstGameTests/Info.plist;
				LD_RUNPATH_SEARCH_PATHS = "$(inherited) @executable_path/Frameworks @loader_path/Frameworks";
				PRODUCT_NAME = "$(TARGET_NAME)";
				TEST_HOST = "$(BUILT_PRODUCTS_DIR)/FirstGame.app/FirstGame";
			};
			name = Debug;
		};
		D1D4ADEB1B0B8E9C00CF2D46 /* Release */ = {
			isa = XCBuildConfiguration;
			buildSettings = {
				BUNDLE_LOADER = "$(TEST_HOST)";
				FRAMEWORK_SEARCH_PATHS = (
					"$(SDKROOT)/Developer/Library/Frameworks",
					"$(inherited)",
				);
				INFOPLIST_FILE = FirstGameTests/Info.plist;
				LD_RUNPATH_SEARCH_PATHS = "$(inherited) @executable_path/Frameworks @loader_path/Frameworks";
				PRODUCT_NAME = "$(TARGET_NAME)";
				TEST_HOST = "$(BUILT_PRODUCTS_DIR)/FirstGame.app/FirstGame";
			};
			name = Release;
		};
/* End XCBuildConfiguration section */

/* Begin XCConfigurationList section */
		D1D4ADBE1B0B8E9C00CF2D46 /* Build configuration list for PBXProject "FirstGame" */ = {
			isa = XCConfigurationList;
			buildConfigurations = (
				D1D4ADE41B0B8E9C00CF2D46 /* Debug */,
				D1D4ADE51B0B8E9C00CF2D46 /* Release */,
			);
			defaultConfigurationIsVisible = 0;
			defaultConfigurationName = Release;
		};
		D1D4ADE61B0B8E9C00CF2D46 /* Build configuration list for PBXNativeTarget "FirstGame" */ = {
			isa = XCConfigurationList;
			buildConfigurations = (
				D1D4ADE71B0B8E9C00CF2D46 /* Debug */,
				D1D4ADE81B0B8E9C00CF2D46 /* Release */,
			);
			defaultConfigurationIsVisible = 0;
		};
		D1D4ADE91B0B8E9C00CF2D46 /* Build configuration list for PBXNativeTarget "FirstGameTests" */ = {
			isa = XCConfigurationList;
			buildConfigurations = (
				D1D4ADEA1B0B8E9C00CF2D46 /* Debug */,
				D1D4ADEB1B0B8E9C00CF2D46 /* Release */,
			);
			defaultConfigurationIsVisible = 0;
		};
/* End XCConfigurationList section */
	};
	rootObject = D1D4ADBB1B0B8E9C00CF2D46 /* Project object */;
}
